
Microsoft Visual Studio Solution File, Format Version 12.00
# Visual Studio Version 17
VisualStudioVersion = 17.0.31903.59
MinimumVisualStudioVersion = 10.0.40219.1
Project("{FAE04EC0-301F-11D3-BF4B-00C04F79EFBC}") = "SportsLeague.Domain", "SportsLeague.Domain\SportsLeague.Domain.csproj", "{850695C3-8466-490D-9DD8-20ADAF7E3E54}"
EndProject
Project("{FAE04EC0-301F-11D3-BF4B-00C04F79EFBC}") = "SportsLeague.DataAccess", "SportsLeague.DataAccess\SportsLeague.DataAccess.csproj", "{F18DA76D-D54A-461A-BC4C-6C843D7B80E4}"
EndProject
Project("{FAE04EC0-301F-11D3-BF4B-00C04F79EFBC}") = "SportsLeague.API", "SportsLeague.API\SportsLeague.API.csproj", "{0C0A8023-349C-4DD8-B650-F5B8A6337540}"
EndProject
Global
	GlobalSection(SolutionConfigurationPlatforms) = preSolution
		Debug|Any CPU = Debug|Any CPU
		Release|Any CPU = Release|Any CPU
	EndGlobalSection
	GlobalSection(SolutionProperties) = preSolution
		HideSolutionNode = FALSE
	EndGlobalSection
	GlobalSection(ProjectConfigurationPlatforms) = postSolution
		{850695C3-8466-490D-9DD8-20ADAF7E3E54}.Debug|Any CPU.ActiveCfg = Debug|Any CPU
		{850695C3-8466-490D-9DD8-20ADAF7E3E54}.Debug|Any CPU.Build.0 = Debug|Any CPU
		{850695C3-8466-490D-9DD8-20ADAF7E3E54}.Release|Any CPU.ActiveCfg = Release|Any CPU
		{850695C3-8466-490D-9DD8-20ADAF7E3E54}.Release|Any CPU.Build.0 = Release|Any CPU
		{F18DA76D-D54A-461A-BC4C-6C843D7B80E4}.Debug|Any CPU.ActiveCfg = Debug|Any CPU
		{F18DA76D-D54A-461A-BC4C-6C843D7B80E4}.Debug|Any CPU.Build.0 = Debug|Any CPU
		{F18DA76D-D54A-461A-BC4C-6C843D7B80E4}.Release|Any CPU.ActiveCfg = Release|Any CPU
		{F18DA76D-D54A-461A-BC4C-6C843D7B80E4}.Release|Any CPU.Build.0 = Release|Any CPU
		{0C0A8023-349C-4DD8-B650-F5B8A6337540}.Debug|Any CPU.ActiveCfg = Debug|Any CPU
		{0C0A8023-349C-4DD8-B650-F5B8A6337540}.Debug|Any CPU.Build.0 = Debug|Any CPU
		{0C0A8023-349C-4DD8-B650-F5B8A6337540}.Release|Any CPU.ActiveCfg = Release|Any CPU
		{0C0A8023-349C-4DD8-B650-F5B8A6337540}.Release|Any CPU.Build.0 = Release|Any CPU
	EndGlobalSection
EndGlobal
